
Microsoft Visual Studio Solution File, Format Version 12.00
# Visual Studio Version 17
VisualStudioVersion = 17.6.33723.286
MinimumVisualStudioVersion = 10.0.40219.1
Project("{FAE04EC0-301F-11D3-BF4B-00C04F79EFBC}") = "TestGame", "TestGame\TestGame.csproj", "{31039CBC-0AB3-442B-AAA9-E997F41B1830}"
EndProject
Global
	GlobalSection(SolutionConfigurationPlatforms) = preSolution
		Debug|Any CPU = Debug|Any CPU
		Release|Any CPU = Release|Any CPU
	EndGlobalSection
	GlobalSection(ProjectConfigurationPlatforms) = postSolution
		{31039CBC-0AB3-442B-AAA9-E997F41B1830}.Debug|Any CPU.ActiveCfg = Debug|Any CPU
		{31039CBC-0AB3-442B-AAA9-E997F41B1830}.Debug|Any CPU.Build.0 = Debug|Any CPU
		{31039CBC-0AB3-442B-AAA9-E997F41B1830}.Release|Any CPU.ActiveCfg = Release|Any CPU
		{31039CBC-0AB3-442B-AAA9-E997F41B1830}.Release|Any CPU.Build.0 = Release|Any CPU
	EndGlobalSection
	GlobalSection(SolutionProperties) = preSolution
		HideSolutionNode = FALSE
	EndGlobalSection
	GlobalSection(ExtensibilityGlobals) = postSolution
		SolutionGuid = {307800EE-F3A5-4379-B673-3E1A14DC5105}
	EndGlobalSection
EndGlobal
